
Microsoft Visual Studio Solution File, Format Version 12.00
# Visual Studio Version 17
VisualStudioVersion = 17.3.32825.248
MinimumVisualStudioVersion = 10.0.40219.1
Project("{9A19103F-16F7-4668-BE54-9A1E7A4F7556}") = "BlazorApp.Server", "BlazorApp\Server\BlazorApp.Server.csproj", "{B34EFF49-9C90-4E90-A267-6F86F67A5172}"
EndProject
Project("{9A19103F-16F7-4668-BE54-9A1E7A4F7556}") = "BlazorApp.Client", "BlazorApp\Client\BlazorApp.Client.csproj", "{DC538959-33B0-4D09-BAD6-E25723770170}"
EndProject
Project("{9A19103F-16F7-4668-BE54-9A1E7A4F7556}") = "BlazorApp.Shared", "BlazorApp\Shared\BlazorApp.Shared.csproj", "{4FE2997D-6474-4C71-9069-DF7B14554E6F}"
EndProject
Project("{2150E333-8FDC-42A3-9474-1A3956D46DE8}") = "Solution Items", "Solution Items", "{187B6246-D602-4C5C-BBAE-0608038665D3}"
	ProjectSection(SolutionItems) = preProject
		.editorconfig = .editorconfig
	EndProjectSection
EndProject
Global
	GlobalSection(SolutionConfigurationPlatforms) = preSolution
		Debug|Any CPU = Debug|Any CPU
		Release|Any CPU = Release|Any CPU
	EndGlobalSection
	GlobalSection(ProjectConfigurationPlatforms) = postSolution
		{B34EFF49-9C90-4E90-A267-6F86F67A5172}.Debug|Any CPU.ActiveCfg = Debug|Any CPU
		{B34EFF49-9C90-4E90-A267-6F86F67A5172}.Debug|Any CPU.Build.0 = Debug|Any CPU
		{B34EFF49-9C90-4E90-A267-6F86F67A5172}.Release|Any CPU.ActiveCfg = Release|Any CPU
		{B34EFF49-9C90-4E90-A267-6F86F67A5172}.Release|Any CPU.Build.0 = Release|Any CPU
		{DC538959-33B0-4D09-BAD6-E25723770170}.Debug|Any CPU.ActiveCfg = Debug|Any CPU
		{DC538959-33B0-4D09-BAD6-E25723770170}.Debug|Any CPU.Build.0 = Debug|Any CPU
		{DC538959-33B0-4D09-BAD6-E25723770170}.Release|Any CPU.ActiveCfg = Release|Any CPU
		{DC538959-33B0-4D09-BAD6-E25723770170}.Release|Any CPU.Build.0 = Release|Any CPU
		{4FE2997D-6474-4C71-9069-DF7B14554E6F}.Debug|Any CPU.ActiveCfg = Debug|Any CPU
		{4FE2997D-6474-4C71-9069-DF7B14554E6F}.Debug|Any CPU.Build.0 = Debug|Any CPU
		{4FE2997D-6474-4C71-9069-DF7B14554E6F}.Release|Any CPU.ActiveCfg = Release|Any CPU
		{4FE2997D-6474-4C71-9069-DF7B14554E6F}.Release|Any CPU.Build.0 = Release|Any CPU
	EndGlobalSection
	GlobalSection(SolutionProperties) = preSolution
		HideSolutionNode = FALSE
	EndGlobalSection
	GlobalSection(ExtensibilityGlobals) = postSolution
		SolutionGuid = {AAE62BF6-7E13-4507-A55A-EAA9EE41D872}
	EndGlobalSection
EndGlobal
